{
  "name": "os3-router-report-intake",
  "lockfileVersion": 3,
  "requires": true,
  "packages": {
    "": {
      "name": "os3-router-report-intake",
      "dependencies": {
        "@vercel/firewall": "1.2.5"
      },
      "engines": {
        "node": "24.x"
      }
    },
    "node_modules/@vercel/firewall": {
      "version": "1.2.5",
      "resolved": "https://registry.npmjs.org/@vercel/firewall/-/firewall-1.2.5.tgz",
      "integrity": "sha512-rylXD6sfUgJMtYGuILXZZPy1af2aLQbRIAQf5nr2vI84PdGNaPEu19VvMG05KOXZ2qwfwf99OsM8brO9VzN8Gg==",
      "license": "Apache-2.0",
      "engines": {
        "node": ">= 20"
      }
    }
  }
}
